
Microsoft Visual Studio Solution File, Format Version 12.00
# Visual Studio 15
VisualStudioVersion = 15.0.28010.2041
MinimumVisualStudioVersion = 10.0.40219.1
Project("{FAE04EC0-301F-11D3-BF4B-00C04F79EFBC}") = "MachineSpirit", "MachineSpirit\MachineSpirit.csproj", "{7E1B74FC-391C-425F-9D85-CC59C69B9DE4}"
EndProject
Project("{FAE04EC0-301F-11D3-BF4B-00C04F79EFBC}") = "ClassLibrary1", "ClassLibrary1\ClassLibrary1.csproj", "{99DB5EAD-F84C-4424-A1DE-48676E55764F}"
EndProject
Global
	GlobalSection(SolutionConfigurationPlatforms) = preSolution
		Debug|Any CPU = Debug|Any CPU
		Release|Any CPU = Release|Any CPU
	EndGlobalSection
	GlobalSection(ProjectConfigurationPlatforms) = postSolution
		{7E1B74FC-391C-425F-9D85-CC59C69B9DE4}.Debug|Any CPU.ActiveCfg = Debug|Any CPU
		{7E1B74FC-391C-425F-9D85-CC59C69B9DE4}.Debug|Any CPU.Build.0 = Debug|Any CPU
		{7E1B74FC-391C-425F-9D85-CC59C69B9DE4}.Release|Any CPU.ActiveCfg = Release|Any CPU
		{7E1B74FC-391C-425F-9D85-CC59C69B9DE4}.Release|Any CPU.Build.0 = Release|Any CPU
		{99DB5EAD-F84C-4424-A1DE-48676E55764F}.Debug|Any CPU.ActiveCfg = Debug|Any CPU
		{99DB5EAD-F84C-4424-A1DE-48676E55764F}.Debug|Any CPU.Build.0 = Debug|Any CPU
		{99DB5EAD-F84C-4424-A1DE-48676E55764F}.Release|Any CPU.ActiveCfg = Release|Any CPU
		{99DB5EAD-F84C-4424-A1DE-48676E55764F}.Release|Any CPU.Build.0 = Release|Any CPU
	EndGlobalSection
	GlobalSection(SolutionProperties) = preSolution
		HideSolutionNode = FALSE
	EndGlobalSection
	GlobalSection(ExtensibilityGlobals) = postSolution
		SolutionGuid = {7EF02AAA-2686-4631-8294-A7E37DC51D18}
	EndGlobalSection
EndGlobal
